
Microsoft Visual Studio Solution File, Format Version 12.00
# Visual Studio Version 18
VisualStudioVersion = 18.0.11222.15
MinimumVisualStudioVersion = 10.0.40219.1
Project("{FAE04EC0-301F-11D3-BF4B-00C04F79EFBC}") = "Salesforce.MCE.REST", "src\Salesforce.MCE.REST.csproj", "{9FB798CA-3E07-2342-D3C9-315C8A9B4876}"
EndProject
Project("{2150E333-8FDC-42A3-9474-1A3956D46DE8}") = "Solution Items", "Solution Items", "{ECFE3787-FB17-48BE-889B-237999A15DF3}"
	ProjectSection(SolutionItems) = preProject
		LICENSE = LICENSE
		README.md = README.md
	EndProjectSection
EndProject
Global
	GlobalSection(SolutionConfigurationPlatforms) = preSolution
		Debug|Any CPU = Debug|Any CPU
		Release|Any CPU = Release|Any CPU
	EndGlobalSection
	GlobalSection(ProjectConfigurationPlatforms) = postSolution
		{9FB798CA-3E07-2342-D3C9-315C8A9B4876}.Debug|Any CPU.ActiveCfg = Debug|Any CPU
		{9FB798CA-3E07-2342-D3C9-315C8A9B4876}.Debug|Any CPU.Build.0 = Debug|Any CPU
		{9FB798CA-3E07-2342-D3C9-315C8A9B4876}.Release|Any CPU.ActiveCfg = Release|Any CPU
		{9FB798CA-3E07-2342-D3C9-315C8A9B4876}.Release|Any CPU.Build.0 = Release|Any CPU
	EndGlobalSection
	GlobalSection(SolutionProperties) = preSolution
		HideSolutionNode = FALSE
	EndGlobalSection
	GlobalSection(ExtensibilityGlobals) = postSolution
		SolutionGuid = {D5A7D6D6-D5E8-4526-8033-AF6CAE12645C}
	EndGlobalSection
EndGlobal
